Microsoft Visual Studio Solution File, Format Version 11.00
# Visual Studio 2008

Project("{3391589D-3724-61AF-34AD-39BFDDE42480}") = "PolicePatrol (Android)", "Assembly-CSharp-firstpass.csproj", "{1156F6DC-808B-5A9B-FDEA-D5892E118493}"
EndProject
Project("{3391589D-3724-61AF-34AD-39BFDDE42480}") = "PolicePatrol (Android)", "Assembly-CSharp.csproj", "{96CA63DD-FD19-A955-D7DF-376A99D3FC35}"
EndProject
Project("{3391589D-3724-61AF-34AD-39BFDDE42480}") = "PolicePatrol (Android)", "Assembly-CSharp-Editor-firstpass.csproj", "{35AC0EDC-95EA-CFD2-EA3A-459ED6E53301}"
EndProject
Project("{3391589D-3724-61AF-34AD-39BFDDE42480}") = "PolicePatrol (Android)", "Assembly-CSharp-Editor.csproj", "{F0FDCD4A-100B-32F6-0CB6-1E56D00CB153}"
EndProject
Global
	GlobalSection(SolutionConfigurationPlatforms) = preSolution
		Debug|Any CPU = Debug|Any CPU
		Release|Any CPU = Release|Any CPU
	EndGlobalSection
	GlobalSection(ProjectConfigurationPlatforms) = postSolution
		{1156F6DC-808B-5A9B-FDEA-D5892E118493}.Debug|Any CPU.ActiveCfg = Debug|Any CPU
		{1156F6DC-808B-5A9B-FDEA-D5892E118493}.Debug|Any CPU.Build.0 = Debug|Any CPU
		{1156F6DC-808B-5A9B-FDEA-D5892E118493}.Release|Any CPU.ActiveCfg = Release|Any CPU
		{1156F6DC-808B-5A9B-FDEA-D5892E118493}.Release|Any CPU.Build.0 = Release|Any CPU
		{96CA63DD-FD19-A955-D7DF-376A99D3FC35}.Debug|Any CPU.ActiveCfg = Debug|Any CPU
		{96CA63DD-FD19-A955-D7DF-376A99D3FC35}.Debug|Any CPU.Build.0 = Debug|Any CPU
		{96CA63DD-FD19-A955-D7DF-376A99D3FC35}.Release|Any CPU.ActiveCfg = Release|Any CPU
		{96CA63DD-FD19-A955-D7DF-376A99D3FC35}.Release|Any CPU.Build.0 = Release|Any CPU
		{35AC0EDC-95EA-CFD2-EA3A-459ED6E53301}.Debug|Any CPU.ActiveCfg = Debug|Any CPU
		{35AC0EDC-95EA-CFD2-EA3A-459ED6E53301}.Debug|Any CPU.Build.0 = Debug|Any CPU
		{35AC0EDC-95EA-CFD2-EA3A-459ED6E53301}.Release|Any CPU.ActiveCfg = Release|Any CPU
		{35AC0EDC-95EA-CFD2-EA3A-459ED6E53301}.Release|Any CPU.Build.0 = Release|Any CPU
		{F0FDCD4A-100B-32F6-0CB6-1E56D00CB153}.Debug|Any CPU.ActiveCfg = Debug|Any CPU
		{F0FDCD4A-100B-32F6-0CB6-1E56D00CB153}.Debug|Any CPU.Build.0 = Debug|Any CPU
		{F0FDCD4A-100B-32F6-0CB6-1E56D00CB153}.Release|Any CPU.ActiveCfg = Release|Any CPU
		{F0FDCD4A-100B-32F6-0CB6-1E56D00CB153}.Release|Any CPU.Build.0 = Release|Any CPU
	EndGlobalSection
	GlobalSection(SolutionProperties) = preSolution
		HideSolutionNode = FALSE
	EndGlobalSection
																																																																																																																																																																																																																																																																																											GlobalSection(MonoDevelopProperties) = preSolution
		StartupItem = Assembly-CSharp.csproj
		Policies = $0
		$0.TextStylePolicy = $1
		$1.inheritsSet = null
		$1.scope = text/x-csharp
		$0.CSharpFormattingPolicy = $2
		$2.inheritsSet = Mono
		$2.inheritsScope = text/x-csharp
		$2.scope = text/x-csharp
		$0.TextStylePolicy = $3
		$3.FileWidth = 120
		$3.TabWidth = 4
		$3.EolMarker = Unix
		$3.inheritsSet = Mono
		$3.inheritsScope = text/plain
		$3.scope = text/plain
	EndGlobalSection

EndGlobal
