
Microsoft Visual Studio Solution File, Format Version 12.00
# Visual Studio 2017
Project("{FAE04EC0-301F-11D3-BF4B-00C04F79EFBC}") = "PolicePatrol (Android) Backup.Plugins", "PolicePatrol (Android) Backup.Plugins.csproj", "{5D955406-7449-DF0D-CE9E-8B280B108BA6}"
EndProject
Project("{FAE04EC0-301F-11D3-BF4B-00C04F79EFBC}") = "PolicePatrol (Android) Backup", "PolicePatrol (Android) Backup.csproj", "{A15B85C2-7936-23AE-7290-5D03A030C6B2}"
EndProject
Project("{FAE04EC0-301F-11D3-BF4B-00C04F79EFBC}") = "PolicePatrol (Android) Backup.Editor.Plugins", "PolicePatrol (Android) Backup.Editor.Plugins.csproj", "{646A9D4F-3D82-EBA7-47D8-868653F31C73}"
EndProject
Global
	GlobalSection(SolutionConfigurationPlatforms) = preSolution
		Debug|Any CPU = Debug|Any CPU
		Release|Any CPU = Release|Any CPU
	EndGlobalSection
	GlobalSection(ProjectConfigurationPlatforms) = postSolution
		{5D955406-7449-DF0D-CE9E-8B280B108BA6}.Debug|Any CPU.ActiveCfg = Debug|Any CPU
		{5D955406-7449-DF0D-CE9E-8B280B108BA6}.Debug|Any CPU.Build.0 = Debug|Any CPU
		{5D955406-7449-DF0D-CE9E-8B280B108BA6}.Release|Any CPU.ActiveCfg = Release|Any CPU
		{5D955406-7449-DF0D-CE9E-8B280B108BA6}.Release|Any CPU.Build.0 = Release|Any CPU
		{A15B85C2-7936-23AE-7290-5D03A030C6B2}.Debug|Any CPU.ActiveCfg = Debug|Any CPU
		{A15B85C2-7936-23AE-7290-5D03A030C6B2}.Debug|Any CPU.Build.0 = Debug|Any CPU
		{A15B85C2-7936-23AE-7290-5D03A030C6B2}.Release|Any CPU.ActiveCfg = Release|Any CPU
		{A15B85C2-7936-23AE-7290-5D03A030C6B2}.Release|Any CPU.Build.0 = Release|Any CPU
		{646A9D4F-3D82-EBA7-47D8-868653F31C73}.Debug|Any CPU.ActiveCfg = Debug|Any CPU
		{646A9D4F-3D82-EBA7-47D8-868653F31C73}.Debug|Any CPU.Build.0 = Debug|Any CPU
		{646A9D4F-3D82-EBA7-47D8-868653F31C73}.Release|Any CPU.ActiveCfg = Release|Any CPU
		{646A9D4F-3D82-EBA7-47D8-868653F31C73}.Release|Any CPU.Build.0 = Release|Any CPU
	EndGlobalSection
	GlobalSection(SolutionProperties) = preSolution
		HideSolutionNode = FALSE
	EndGlobalSection
EndGlobal
